
Microsoft Visual Studio Solution File, Format Version 12.00
# Visual Studio 2013
VisualStudioVersion = 12.0.21005.1
MinimumVisualStudioVersion = 10.0.40219.1
Project("{FAE04EC0-301F-11D3-BF4B-00C04F79EFBC}") = "RobertTapping.PokerCodeTest.WebApi", "RobertTapping.PokerCodeTest.WebApi\RobertTapping.PokerCodeTest.WebApi.csproj", "{C867B319-26CA-4AD2-990E-DE82DF72517C}"
EndProject
Project("{FAE04EC0-301F-11D3-BF4B-00C04F79EFBC}") = "RobertTapping.PokerCodeTest.WebApi.Test", "RobertTapping.PokerCodeTest.WebApi.Test\RobertTapping.PokerCodeTest.WebApi.Test.csproj", "{998F7017-5259-45BA-944A-1BE70E382A17}"
EndProject
Project("{FAE04EC0-301F-11D3-BF4B-00C04F79EFBC}") = "RobertTapping.PokerCodeTest.Data", "RobertTapping.PokerCodeTest.Data\RobertTapping.PokerCodeTest.Data.csproj", "{04F01E44-F3A5-4E8E-BF56-F1B89F8A2B68}"
EndProject
Global
	GlobalSection(SolutionConfigurationPlatforms) = preSolution
		Debug|Any CPU = Debug|Any CPU
		Release|Any CPU = Release|Any CPU
	EndGlobalSection
	GlobalSection(ProjectConfigurationPlatforms) = postSolution
		{C867B319-26CA-4AD2-990E-DE82DF72517C}.Debug|Any CPU.ActiveCfg = Debug|Any CPU
		{C867B319-26CA-4AD2-990E-DE82DF72517C}.Debug|Any CPU.Build.0 = Debug|Any CPU
		{C867B319-26CA-4AD2-990E-DE82DF72517C}.Release|Any CPU.ActiveCfg = Release|Any CPU
		{C867B319-26CA-4AD2-990E-DE82DF72517C}.Release|Any CPU.Build.0 = Release|Any CPU
		{998F7017-5259-45BA-944A-1BE70E382A17}.Debug|Any CPU.ActiveCfg = Debug|Any CPU
		{998F7017-5259-45BA-944A-1BE70E382A17}.Debug|Any CPU.Build.0 = Debug|Any CPU
		{998F7017-5259-45BA-944A-1BE70E382A17}.Release|Any CPU.ActiveCfg = Release|Any CPU
		{998F7017-5259-45BA-944A-1BE70E382A17}.Release|Any CPU.Build.0 = Release|Any CPU
		{04F01E44-F3A5-4E8E-BF56-F1B89F8A2B68}.Debug|Any CPU.ActiveCfg = Debug|Any CPU
		{04F01E44-F3A5-4E8E-BF56-F1B89F8A2B68}.Debug|Any CPU.Build.0 = Debug|Any CPU
		{04F01E44-F3A5-4E8E-BF56-F1B89F8A2B68}.Release|Any CPU.ActiveCfg = Release|Any CPU
		{04F01E44-F3A5-4E8E-BF56-F1B89F8A2B68}.Release|Any CPU.Build.0 = Release|Any CPU
	EndGlobalSection
	GlobalSection(SolutionProperties) = preSolution
		HideSolutionNode = FALSE
	EndGlobalSection
EndGlobal
